
Microsoft Visual Studio Solution File, Format Version 12.00
# Visual Studio Version 17
VisualStudioVersion = 17.6.33829.357
MinimumVisualStudioVersion = 10.0.40219.1
Project("{9A19103F-16F7-4668-BE54-9A1E7A4F7556}") = "FinalProject", "FinalProject.csproj", "{BFBC909D-159A-4352-B134-DD504643C7C5}"
EndProject
Global
	GlobalSection(SolutionConfigurationPlatforms) = preSolution
		Debug|Any CPU = Debug|Any CPU
		Release|Any CPU = Release|Any CPU
	EndGlobalSection
	GlobalSection(ProjectConfigurationPlatforms) = postSolution
		{BFBC909D-159A-4352-B134-DD504643C7C5}.Debug|Any CPU.ActiveCfg = Debug|Any CPU
		{BFBC909D-159A-4352-B134-DD504643C7C5}.Debug|Any CPU.Build.0 = Debug|Any CPU
		{BFBC909D-159A-4352-B134-DD504643C7C5}.Release|Any CPU.ActiveCfg = Release|Any CPU
		{BFBC909D-159A-4352-B134-DD504643C7C5}.Release|Any CPU.Build.0 = Release|Any CPU
	EndGlobalSection
	GlobalSection(SolutionProperties) = preSolution
		HideSolutionNode = FALSE
	EndGlobalSection
	GlobalSection(ExtensibilityGlobals) = postSolution
		SolutionGuid = {BBF3834B-56C0-4F85-9BCA-634BA5A95124}
	EndGlobalSection
EndGlobal
